
Microsoft Visual Studio Solution File, Format Version 12.00
# Visual Studio Version 17
VisualStudioVersion = 17.8.34511.84
MinimumVisualStudioVersion = 10.0.40219.1
Project("{9A19103F-16F7-4668-BE54-9A1E7A4F7556}") = "CallCenterManagementAPI", "CallCenterManagementAPI\CallCenterManagementAPI.csproj", "{1D7C6E61-784F-4F45-A41A-DBB3B5FB3DAC}"
EndProject
Project("{FAE04EC0-301F-11D3-BF4B-00C04F79EFBC}") = "UnitTests", "UnitTests\UnitTests.csproj", "{D958E5DE-8540-4B23-93E1-579C126FE14B}"
EndProject
Global
	GlobalSection(SolutionConfigurationPlatforms) = preSolution
		Debug|Any CPU = Debug|Any CPU
		Release|Any CPU = Release|Any CPU
	EndGlobalSection
	GlobalSection(ProjectConfigurationPlatforms) = postSolution
		{1D7C6E61-784F-4F45-A41A-DBB3B5FB3DAC}.Debug|Any CPU.ActiveCfg = Debug|Any CPU
		{1D7C6E61-784F-4F45-A41A-DBB3B5FB3DAC}.Debug|Any CPU.Build.0 = Debug|Any CPU
		{1D7C6E61-784F-4F45-A41A-DBB3B5FB3DAC}.Release|Any CPU.ActiveCfg = Release|Any CPU
		{1D7C6E61-784F-4F45-A41A-DBB3B5FB3DAC}.Release|Any CPU.Build.0 = Release|Any CPU
		{D958E5DE-8540-4B23-93E1-579C126FE14B}.Debug|Any CPU.ActiveCfg = Debug|Any CPU
		{D958E5DE-8540-4B23-93E1-579C126FE14B}.Debug|Any CPU.Build.0 = Debug|Any CPU
		{D958E5DE-8540-4B23-93E1-579C126FE14B}.Release|Any CPU.ActiveCfg = Release|Any CPU
		{D958E5DE-8540-4B23-93E1-579C126FE14B}.Release|Any CPU.Build.0 = Release|Any CPU
	EndGlobalSection
	GlobalSection(SolutionProperties) = preSolution
		HideSolutionNode = FALSE
	EndGlobalSection
	GlobalSection(ExtensibilityGlobals) = postSolution
		SolutionGuid = {2409143E-60E3-4698-8AFD-0C7EF6145495}
	EndGlobalSection
EndGlobal
